
Microsoft Visual Studio Solution File, Format Version 12.00
# Visual Studio Version 17
VisualStudioVersion = 17.4.33213.308
MinimumVisualStudioVersion = 10.0.40219.1
Project("{FAE04EC0-301F-11D3-BF4B-00C04F79EFBC}") = "VacationPlanner", "VacationPlanner\VacationPlanner.csproj", "{B88AD721-1C3C-43E5-9EC8-300BEDBC9827}"
EndProject
Global
	GlobalSection(SolutionConfigurationPlatforms) = preSolution
		Debug|Any CPU = Debug|Any CPU
		Release|Any CPU = Release|Any CPU
	EndGlobalSection
	GlobalSection(ProjectConfigurationPlatforms) = postSolution
		{B88AD721-1C3C-43E5-9EC8-300BEDBC9827}.Debug|Any CPU.ActiveCfg = Debug|Any CPU
		{B88AD721-1C3C-43E5-9EC8-300BEDBC9827}.Debug|Any CPU.Build.0 = Debug|Any CPU
		{B88AD721-1C3C-43E5-9EC8-300BEDBC9827}.Release|Any CPU.ActiveCfg = Release|Any CPU
		{B88AD721-1C3C-43E5-9EC8-300BEDBC9827}.Release|Any CPU.Build.0 = Release|Any CPU
	EndGlobalSection
	GlobalSection(SolutionProperties) = preSolution
		HideSolutionNode = FALSE
	EndGlobalSection
	GlobalSection(ExtensibilityGlobals) = postSolution
		SolutionGuid = {F7763391-56AE-44B8-A288-BF8971209376}
	EndGlobalSection
EndGlobal
